lockVersion: 2.0.0
id: fefcac39-086a-4bf8-aa47-ffc1643c28d5
management:
  docChecksum: 945f3e1212cba6cd66abc30a84d5026c
  docVersion: 1.0.0
  speakeasyVersion: 1.606.3
  generationVersion: 2.687.1
  releaseVersion: 0.0.4
  configChecksum: 735252457faaec10e6d9fce4794290e3
  repoURL: https://github.com/Draco1js/safepay-ts.git
  installationURL: https://github.com/Draco1js/safepay-ts
  published: true
features:
  typescript:
    additionalDependencies: 0.1.0
    core: 3.21.20
    defaultEnabledRetries: 0.1.0
    devContainers: 2.90.0
    envVarSecurityUsage: 0.1.2
    globalSecurityCallbacks: 0.1.0
    globalServerURLs: 2.82.5
    groups: 2.81.2
    methodArguments: 0.1.2
    nameOverrides: 2.81.2
    nullables: 0.1.1
    responseFormat: 0.2.3
    retries: 2.83.0
    sdkHooks: 0.3.0
generatedFiles:
  - .devcontainer/README.md
  - .devcontainer/devcontainer.json
  - .devcontainer/setup.sh
  - .gitattributes
  - .npmignore
  - FUNCTIONS.md
  - RUNTIMES.md
  - USAGE.md
  - docs/lib/utils/retryconfig.md
  - docs/models/address.md
  - docs/models/datetimeseconds.md
  - docs/models/errors/conflicterror.md
  - docs/models/errors/errort.md
  - docs/models/errors/expectationfailederror.md
  - docs/models/errors/getuserv2existsbadrequesterror.md
  - docs/models/errors/notfounderror.md
  - docs/models/errors/postauthv1companyauthenticateunauthorizederror.md
  - docs/models/errors/postauthv2userloginbadrequesterror.md
  - docs/models/errors/postauthv2userloginunauthorizederror.md
  - docs/models/errors/postclientapisettingsv1badrequesterror.md
  - docs/models/errors/postclienthooksv2testbadrequesterror.md
  - docs/models/errors/postclientplansv1badrequesterror.md
  - docs/models/errors/postclientplansv1internalservererror.md
  - docs/models/errors/postorderpaymentsv3internalservererror.md
  - docs/models/operations/administrativearea.md
  - docs/models/operations/baseamount.md
  - docs/models/operations/capabilities.md
  - docs/models/operations/client.md
  - docs/models/operations/conversionrate.md
  - docs/models/operations/cybersourcecreatedat.md
  - docs/models/operations/cybersourceupdatedat.md
  - docs/models/operations/details.md
  - docs/models/operations/getclientapisettingsv1data.md
  - docs/models/operations/getclientapisettingsv1response.md
  - docs/models/operations/getclientapisettingsv1responsebody.md
  - docs/models/operations/getclientplansv1searchdata.md
  - docs/models/operations/getclientplansv1searchplan.md
  - docs/models/operations/getclientplansv1searchpricemoney.md
  - docs/models/operations/getclientplansv1searchrequest.md
  - docs/models/operations/getclientplansv1searchresponse.md
  - docs/models/operations/getclientplansv1searchresponsebody.md
  - docs/models/operations/getclientsubscriptionsv1searchdata.md
  - docs/models/operations/getclientsubscriptionsv1searchplan.md
  - docs/models/operations/getclientsubscriptionsv1searchplanpricemoney.md
  - docs/models/operations/getclientsubscriptionsv1searchpricemoney.md
  - docs/models/operations/getclientsubscriptionsv1searchrequest.md
  - docs/models/operations/getclientsubscriptionsv1searchresponse.md
  - docs/models/operations/getclientsubscriptionsv1searchresponsebody.md
  - docs/models/operations/getclienttransactionsv1searchdata.md
  - docs/models/operations/getclienttransactionsv1searchpricemoney.md
  - docs/models/operations/getclienttransactionsv1searchrequest.md
  - docs/models/operations/getclienttransactionsv1searchresponse.md
  - docs/models/operations/getclienttransactionsv1searchresponsebody.md
  - docs/models/operations/getinvoicequicklinksv1data.md
  - docs/models/operations/getinvoicequicklinksv1list.md
  - docs/models/operations/getinvoicequicklinksv1metadatum.md
  - docs/models/operations/getinvoicequicklinksv1request.md
  - docs/models/operations/getinvoicequicklinksv1response.md
  - docs/models/operations/getinvoicequicklinksv1responsebody.md
  - docs/models/operations/getreporterapiv1paymentscreatedat.md
  - docs/models/operations/getreporterapiv1paymentscustomer.md
  - docs/models/operations/getreporterapiv1paymentsdata.md
  - docs/models/operations/getreporterapiv1paymentslist.md
  - docs/models/operations/getreporterapiv1paymentsrequest.md
  - docs/models/operations/getreporterapiv1paymentsresponse.md
  - docs/models/operations/getreporterapiv1paymentsresponsebody.md
  - docs/models/operations/getusercustomersv1createdat.md
  - docs/models/operations/getusercustomersv1customer.md
  - docs/models/operations/getusercustomersv1data.md
  - docs/models/operations/getusercustomersv1request.md
  - docs/models/operations/getusercustomersv1response.md
  - docs/models/operations/getusercustomersv1responsebody.md
  - docs/models/operations/getusercustomersv1updatedat.md
  - docs/models/operations/getusermetav2countriesdata.md
  - docs/models/operations/getusermetav2countriesrequest.md
  - docs/models/operations/getusermetav2countriesresponse.md
  - docs/models/operations/getusermetav2countriesresponsebody.md
  - docs/models/operations/getusermetav2countrydata.md
  - docs/models/operations/getusermetav2countryrequest.md
  - docs/models/operations/getusermetav2countryresponse.md
  - docs/models/operations/getusermetav2countryresponsebody.md
  - docs/models/operations/getuserv2contact.md
  - docs/models/operations/getuserv2createdat.md
  - docs/models/operations/getuserv2data.md
  - docs/models/operations/getuserv2existsdata.md
  - docs/models/operations/getuserv2existsrequest.md
  - docs/models/operations/getuserv2existsresponse.md
  - docs/models/operations/getuserv2existsresponsebody.md
  - docs/models/operations/getuserv2response.md
  - docs/models/operations/getuserv2responsebody.md
  - docs/models/operations/getuserv2updatedat.md
  - docs/models/operations/getuserv2verification.md
  - docs/models/operations/getuserwalletsv1contact.md
  - docs/models/operations/getuserwalletsv1contactcreatedat.md
  - docs/models/operations/getuserwalletsv1contactupdatedat.md
  - docs/models/operations/getuserwalletsv1cybersource.md
  - docs/models/operations/getuserwalletsv1data.md
  - docs/models/operations/getuserwalletsv1response.md
  - docs/models/operations/getuserwalletsv1responsebody.md
  - docs/models/operations/locality.md
  - docs/models/operations/meta.md
  - docs/models/operations/metadatarequest.md
  - docs/models/operations/metadataresponse.md
  - docs/models/operations/mpgs.md
  - docs/models/operations/nextactions.md
  - docs/models/operations/option.md
  - docs/models/operations/postauthv1companyauthenticatedata.md
  - docs/models/operations/postauthv1companyauthenticaterequest.md
  - docs/models/operations/postauthv1companyauthenticateresponse.md
  - docs/models/operations/postauthv1companyauthenticateresponsebody.md
  - docs/models/operations/postauthv2userlogindata.md
  - docs/models/operations/postauthv2userloginrequest.md
  - docs/models/operations/postauthv2userloginresponse.md
  - docs/models/operations/postauthv2userloginresponsebody.md
  - docs/models/operations/postclientapisettingsv1data.md
  - docs/models/operations/postclientapisettingsv1response.md
  - docs/models/operations/postclientapisettingsv1responsebody.md
  - docs/models/operations/postclienthooksv2testdata.md
  - docs/models/operations/postclienthooksv2testrequest.md
  - docs/models/operations/postclienthooksv2testresponse.md
  - docs/models/operations/postclienthooksv2testresponsebody.md
  - docs/models/operations/postclientpassportv1tokenresponse.md
  - docs/models/operations/postclientpassportv1tokenresponsebody.md
  - docs/models/operations/postclientplansv1data.md
  - docs/models/operations/postclientplansv1request.md
  - docs/models/operations/postclientplansv1response.md
  - docs/models/operations/postclientplansv1responsebody.md
  - docs/models/operations/postcode.md
  - docs/models/operations/postinvoicequicklinksv1data.md
  - docs/models/operations/postinvoicequicklinksv1metadatum.md
  - docs/models/operations/postinvoicequicklinksv1request.md
  - docs/models/operations/postinvoicequicklinksv1response.md
  - docs/models/operations/postinvoicequicklinksv1responsebody.md
  - docs/models/operations/postinvoicequicklinksv2request.md
  - docs/models/operations/postorderpaymentsv3cybersource.md
  - docs/models/operations/postorderpaymentsv3data.md
  - docs/models/operations/postorderpaymentsv3request.md
  - docs/models/operations/postorderpaymentsv3response.md
  - docs/models/operations/postorderpaymentsv3responsebody.md
  - docs/models/operations/postuseraddressv2createdat.md
  - docs/models/operations/postuseraddressv2data.md
  - docs/models/operations/postuseraddressv2request.md
  - docs/models/operations/postuseraddressv2response.md
  - docs/models/operations/postuseraddressv2responsebody.md
  - docs/models/operations/postuseraddressv2updatedat.md
  - docs/models/operations/postusercustomersv1createdat.md
  - docs/models/operations/postusercustomersv1data.md
  - docs/models/operations/postusercustomersv1request.md
  - docs/models/operations/postusercustomersv1response.md
  - docs/models/operations/postusercustomersv1responsebody.md
  - docs/models/operations/postusercustomersv1updatedat.md
  - docs/models/operations/postuserv1guestdata.md
  - docs/models/operations/postuserv1guestrequest.md
  - docs/models/operations/postuserv1guestresponse.md
  - docs/models/operations/postuserv1guestresponsebody.md
  - docs/models/operations/postuserv2contact.md
  - docs/models/operations/postuserv2createdat.md
  - docs/models/operations/postuserv2data.md
  - docs/models/operations/postuserv2request.md
  - docs/models/operations/postuserv2response.md
  - docs/models/operations/postuserv2responsebody.md
  - docs/models/operations/postuserv2updatedat.md
  - docs/models/operations/postuserv2verification.md
  - docs/models/operations/postv1companylogindata.md
  - docs/models/operations/postv1companyloginlist.md
  - docs/models/operations/postv1companyloginresponse.md
  - docs/models/operations/postv1companyloginresponsebody.md
  - docs/models/operations/purchasetotals.md
  - docs/models/operations/putclientapisettingsv1data.md
  - docs/models/operations/putclientapisettingsv1response.md
  - docs/models/operations/putclientapisettingsv1responsebody.md
  - docs/models/operations/quoteamount.md
  - docs/models/operations/streetaddress.md
  - docs/models/operations/subscription.md
  - docs/models/operations/tracker.md
  - docs/models/operations/transaction.md
  - docs/models/status.md
  - docs/sdks/addresses/README.md
  - docs/sdks/apikeys/README.md
  - docs/sdks/apisettings/README.md
  - docs/sdks/auth/README.md
  - docs/sdks/clienttransactions/README.md
  - docs/sdks/company/README.md
  - docs/sdks/customers/README.md
  - docs/sdks/invoices/README.md
  - docs/sdks/meta/README.md
  - docs/sdks/orderpayments/README.md
  - docs/sdks/passport/README.md
  - docs/sdks/payments/README.md
  - docs/sdks/plans/README.md
  - docs/sdks/quicklinks/README.md
  - docs/sdks/safepay/README.md
  - docs/sdks/shoppers/README.md
  - docs/sdks/subscriptions/README.md
  - docs/sdks/users/README.md
  - docs/sdks/userwallets/README.md
  - docs/sdks/webhooks/README.md
  - eslint.config.mjs
  - examples/.env.template
  - examples/README.md
  - examples/authCreateMerchantJwt.example.ts
  - examples/package.json
  - jsr.json
  - package.json
  - src/core.ts
  - src/funcs/addressesCreate.ts
  - src/funcs/apiKeysCreate.ts
  - src/funcs/apiSettingsGetApiKey.ts
  - src/funcs/apiSettingsUpdateKey.ts
  - src/funcs/authCreateMerchantJwt.ts
  - src/funcs/authLogin.ts
  - src/funcs/clientTransactionsSearch.ts
  - src/funcs/companyLogin.ts
  - src/funcs/customersCreate.ts
  - src/funcs/customersList.ts
  - src/funcs/invoicesCreateQuickLink.ts
  - src/funcs/metaGetCountry.ts
  - src/funcs/metaListCountries.ts
  - src/funcs/orderPaymentsCreate.ts
  - src/funcs/passportGenerateToken.ts
  - src/funcs/paymentsSearch.ts
  - src/funcs/plansCreate.ts
  - src/funcs/plansSearch.ts
  - src/funcs/quickLinksCreate.ts
  - src/funcs/quickLinksSearch.ts
  - src/funcs/shoppersCreateSafepay.ts
  - src/funcs/subscriptionsSearch.ts
  - src/funcs/userWalletsListPaymentMethods.ts
  - src/funcs/usersCreateGuestJwt.ts
  - src/funcs/usersExists.ts
  - src/funcs/usersFindSafepayShopper.ts
  - src/funcs/webhooksTest.ts
  - src/hooks/hooks.ts
  - src/hooks/index.ts
  - src/hooks/types.ts
  - src/index.ts
  - src/lib/base64.ts
  - src/lib/config.ts
  - src/lib/dlv.ts
  - src/lib/encodings.ts
  - src/lib/env.ts
  - src/lib/files.ts
  - src/lib/http.ts
  - src/lib/is-plain-object.ts
  - src/lib/logger.ts
  - src/lib/matchers.ts
  - src/lib/primitives.ts
  - src/lib/retries.ts
  - src/lib/schemas.ts
  - src/lib/sdks.ts
  - src/lib/security.ts
  - src/lib/url.ts
  - src/models/address.ts
  - src/models/datetimeseconds.ts
  - src/models/errors/error.ts
  - src/models/errors/getuserv2exists.ts
  - src/models/errors/httpclienterrors.ts
  - src/models/errors/index.ts
  - src/models/errors/postauthv1companyauthenticate.ts
  - src/models/errors/postauthv2userlogin.ts
  - src/models/errors/postuserv2.ts
  - src/models/errors/responsevalidationerror.ts
  - src/models/errors/safepaydefaulterror.ts
  - src/models/errors/safepayerror.ts
  - src/models/errors/sdkvalidationerror.ts
  - src/models/index.ts
  - src/models/operations/getclientapisettingsv1.ts
  - src/models/operations/getclientplansv1search.ts
  - src/models/operations/getclientsubscriptionsv1search.ts
  - src/models/operations/getclienttransactionsv1search.ts
  - src/models/operations/getinvoicequicklinksv1.ts
  - src/models/operations/getreporterapiv1payments.ts
  - src/models/operations/getusercustomersv1.ts
  - src/models/operations/getusermetav2countries.ts
  - src/models/operations/getusermetav2country.ts
  - src/models/operations/getuserv2.ts
  - src/models/operations/getuserv2exists.ts
  - src/models/operations/getuserwalletsv1.ts
  - src/models/operations/index.ts
  - src/models/operations/postauthv1companyauthenticate.ts
  - src/models/operations/postauthv2userlogin.ts
  - src/models/operations/postclientapisettingsv1.ts
  - src/models/operations/postclienthooksv2test.ts
  - src/models/operations/postclientpassportv1token.ts
  - src/models/operations/postclientplansv1.ts
  - src/models/operations/postinvoicequicklinksv1.ts
  - src/models/operations/postinvoicequicklinksv2.ts
  - src/models/operations/postorderpaymentsv3.ts
  - src/models/operations/postuseraddressv2.ts
  - src/models/operations/postusercustomersv1.ts
  - src/models/operations/postuserv1guest.ts
  - src/models/operations/postuserv2.ts
  - src/models/operations/postv1companylogin.ts
  - src/models/operations/putclientapisettingsv1.ts
  - src/models/status.ts
  - src/sdk/addresses.ts
  - src/sdk/apikeys.ts
  - src/sdk/apisettings.ts
  - src/sdk/auth.ts
  - src/sdk/clienttransactions.ts
  - src/sdk/company.ts
  - src/sdk/customers.ts
  - src/sdk/index.ts
  - src/sdk/invoices.ts
  - src/sdk/meta.ts
  - src/sdk/orderpayments.ts
  - src/sdk/passport.ts
  - src/sdk/payments.ts
  - src/sdk/plans.ts
  - src/sdk/quicklinks.ts
  - src/sdk/sdk.ts
  - src/sdk/shoppers.ts
  - src/sdk/subscriptions.ts
  - src/sdk/users.ts
  - src/sdk/userwallets.ts
  - src/sdk/webhooks.ts
  - src/types/async.ts
  - src/types/blobs.ts
  - src/types/constdatetime.ts
  - src/types/enums.ts
  - src/types/fp.ts
  - src/types/index.ts
  - src/types/operations.ts
  - src/types/rfcdate.ts
  - src/types/streams.ts
  - tsconfig.json
examples:
  post_/v1/company/login:
    speakeasy-default-post-/v1-/company/login:
      responses:
        "200":
          application/json: {}
        "400":
          application/json: {}
        "500":
          application/json: {}
  post_/auth/v1/company/authenticate:
    speakeasy-default-post-/auth/v1-/company/authenticate:
      requestBody:
        application/json: {}
      responses:
        "200":
          application/json: {}
        "401":
          application/json: {}
        "417":
          application/json: {}
  post_/auth/v2/user/login:
    speakeasy-default-post-/auth/v2-/user/login:
      requestBody:
        application/json: {}
      responses:
        "200":
          application/json: {}
        "400":
          application/json: {}
        "401":
          application/json: {}
  post_/user/v1/guest:
    speakeasy-default-post-/user/v1-/guest:
      requestBody:
        application/json: {}
      responses:
        "200":
          application/json: {}
        "417":
          application/json: {}
  get_/user/v2:
    speakeasy-default-get-/user/v2:
      responses:
        "200":
          application/json: {}
        "401":
          application/json: {}
  get_/user/v2/exists:
    speakeasy-default-get-/user/v2-/exists:
      parameters:
        query:
          email: "hzaidi@getsafepay.com"
      responses:
        "200":
          application/json: {}
        "400":
          application/json: {}
  post_/client/api-settings/v1:
    speakeasy-default-post-/client/api-settings/v1:
      responses:
        "200":
          application/json: {}
        "400":
          application/json: {}
        "401":
          application/json: {}
  get_/client/api-settings/v1:
    speakeasy-default-get-/client/api-settings/v1:
      responses:
        "200":
          application/json: {}
        "401":
          application/json: {}
  put_/client/api-settings/v1:
    speakeasy-default-put-/client/api-settings/v1:
      responses:
        "200":
          application/json: {}
        "401":
          application/json: {}
  post_/client/passport/v1/token:
    speakeasy-default-post-/client/passport/v1-/token:
      responses:
        "200":
          application/json: {}
        "401":
          application/json: {}
  post_/user/customers/v1:
    speakeasy-default-post-/user/customers/v1:
      requestBody:
        application/json: {}
      responses:
        "201":
          application/json: {}
        "400":
          application/json: {}
        "401":
          application/json: {}
  get_/user/customers/v1:
    speakeasy-default-get-/user/customers/v1:
      parameters:
        query:
          limit: 20
          page: 1
      responses:
        "200":
          application/json: {}
        "400":
          application/json: {}
        "401":
          application/json: {}
  post_/user/address/v2:
    speakeasy-default-post-/user/address/v2:
      requestBody:
        application/json: {}
      responses:
        "201":
          application/json: {}
        "400":
          application/json: {}
        "401":
          application/json: {}
  post_/order/payments/v3:
    speakeasy-default-post-/order/payments/v3:
      requestBody:
        application/json: {}
      responses:
        "201":
          application/json: {}
        "400":
          application/json: {}
        "404":
          application/json: {}
        "500":
          application/json: {}
  get_/reporter/api/v1/payments:
    speakeasy-default-get-/reporter/api/v1-/payments:
      parameters:
        query:
          limit: 5
          page: 1
          sort_by: "created_at"
          direction: "DESC"
      responses:
        "200":
          application/json: {}
  get_/user/meta/v2/countries:
    speakeasy-default-get-/user/meta/v2-/countries:
      parameters:
        query:
          lang: "en"
      responses:
        "200":
          application/json: {}
        "400":
          application/json: {}
        "500":
          application/json: {}
  get_/user/meta/v2/country:
    speakeasy-default-get-/user/meta/v2-/country:
      parameters:
        query:
          cc: "AE"
      responses:
        "200":
          application/json: {}
        "400":
          application/json: {}
        "500":
          application/json: {}
  post_/client/hooks/v2/test:
    speakeasy-default-post-/client/hooks/v2-/test:
      requestBody:
        application/json: {}
      responses:
        "200":
          application/json: {}
        "400":
          application/json: {}
        "401":
          application/json: {}
        "404":
          application/json: {}
        "500":
          application/json: {}
  post_/client/plans/v1:
    speakeasy-default-post-/client/plans/v1:
      requestBody:
        application/json: {}
      responses:
        "200":
          application/json: {}
        "400":
          application/json: {}
        "401":
          application/json: {}
        "500":
          application/json: {}
  get_/client/plans/v1/search:
    speakeasy-default-get-/client/plans/v1-/search:
      parameters:
        query:
          currencies: "PKR"
      responses:
        "200":
          application/json: {}
        "400":
          application/json: {}
        "401":
          application/json: {}
  get_/client/subscriptions/v1/search:
    speakeasy-default-get-/client/subscriptions/v1-/search:
      responses:
        "200":
          application/json: {}
        "401":
          application/json: {}
  get_/client/transactions/v1/search:
    speakeasy-default-get-/client/transactions/v1-/search:
      responses:
        "200":
          application/json: {}
        "401":
          application/json: {}
  post_/invoice/quick-links/v2:
    speakeasy-default-post-/invoice/quick-links/v2:
      requestBody:
        application/json: {}
  post_/invoice/quick-links/v1:
    speakeasy-default-post-/invoice/quick-links/v1:
      requestBody:
        application/json: {}
      responses:
        "200":
          application/json: {}
        "401":
          application/json: {}
        "404":
          application/json: {}
        "417":
          application/json: {}
        "500":
          application/json: {}
  get_/invoice/quick-links/v1:
    speakeasy-default-get-/invoice/quick-links/v1:
      parameters:
        query:
          page: 1
          limit: 10
          workflow: "MANUAL"
      responses:
        "200":
          application/json: {}
        "401":
          application/json: {}
        "417":
          application/json: {}
  post_/user/v2:
    speakeasy-default-post-/user/v2:
      requestBody:
        application/json: {}
      responses:
        "200":
          application/json: {}
        "409":
          application/json: {}
  get_/user/wallets/v1:
    speakeasy-default-get-/user/wallets/v1:
      responses:
        "200":
          application/json: {}
        "401":
          application/json: {}
examplesVersion: 1.0.2
