speakeasyVersion: 1.581.0
sources:
    Safepay:
        sourceNamespace: safepay
        sourceRevisionDigest: sha256:bca5c9920c141134fea27a4cdcbb64c3cb341e4cd75c1e308f0bd4b5ef648f4c
        sourceBlobDigest: sha256:20897bc30be12c931df63cac7cad2141f4bf8503ed9085ab979e99a2776470e5
        tags:
            - latest
            - 1.0.0
targets:
    safepay:
        source: Safepay
        sourceNamespace: safepay
        sourceRevisionDigest: sha256:bca5c9920c141134fea27a4cdcbb64c3cb341e4cd75c1e308f0bd4b5ef648f4c
        sourceBlobDigest: sha256:20897bc30be12c931df63cac7cad2141f4bf8503ed9085ab979e99a2776470e5
        codeSamplesNamespace: safepay-typescript-code-samples
        codeSamplesRevisionDigest: sha256:d2498d811b52f1e1f5e0d924839c19866491ec89ff67410202761d1c788e8ed7
workflow:
    workflowVersion: 1.0.0
    speakeasyVersion: latest
    sources:
        Safepay:
            inputs:
                - location: safepay.yaml
            output: .speakeasy/out.openapi.yaml
            registry:
                location: registry.speakeasyapi.dev/dhaba/safepay-api/safepay
    targets:
        safepay:
            target: typescript
            source: Safepay
            codeSamples:
                registry:
                    location: registry.speakeasyapi.dev/dhaba/safepay-api/safepay-typescript-code-samples
                labelOverride:
                    fixedValue: Typescript (SDK)
                blocking: false
